// !$*UTF8*$!
{
	archiveVersion = 1;
	classes = {
	};
	objectVersion = 50;
	objects = {

/* Begin PBXBuildFile section */
		4C4FABA3212EF42400611AF2 /* GoogleService-Info.plist in Resources */ = {isa = PBXBuildFile; fileRef = 4C4FABA2212EF42400611AF2 /* GoogleService-Info.plist */; };
		4C4FABA4212EF42400611AF2 /* GoogleService-Info.plist in Resources */ = {isa = PBXBuildFile; fileRef = 4C4FABA2212EF42400611AF2 /* GoogleService-Info.plist */; };
		4CFB9DBC20C04A610048BB16 /* Assets.xcassets in Resources */ = {isa = PBXBuildFile; fileRef = 4CFB9DBB20C04A610048BB16 /* Assets.xcassets */; };
		4CFB9DC320C04A610048BB16 /* Emoji Detector MessagesExtension.appex in Embed App Extensions */ = {isa = PBXBuildFile; fileRef = 4CFB9DC220C04A610048BB16 /* Emoji Detector MessagesExtension.appex */; settings = {ATTRIBUTES = (RemoveHeadersOnCopy, ); }; };
		4CFB9DC820C04A610048BB16 /* Messages.framework in Frameworks */ = {isa = PBXBuildFile; fileRef = 4CFB9DC720C04A610048BB16 /* Messages.framework */; };
		4CFB9DD020C04A620048BB16 /* Assets.xcassets in Resources */ = {isa = PBXBuildFile; fileRef = 4CFB9DCF20C04A620048BB16 /* Assets.xcassets */; };
		4CFB9DDC20C04A810048BB16 /* MessagesViewController.swift in Sources */ = {isa = PBXBuildFile; fileRef = 4CFB9DDB20C04A810048BB16 /* MessagesViewController.swift */; };
		4CFB9DE220C04AB70048BB16 /* Emotion.swift in Sources */ = {isa = PBXBuildFile; fileRef = 4CFB9DDE20C04AA00048BB16 /* Emotion.swift */; };
		4CFB9DE320C04AB70048BB16 /* Emojis.swift in Sources */ = {isa = PBXBuildFile; fileRef = 4CFB9DDF20C04AA10048BB16 /* Emojis.swift */; };
		4CFB9DE420C04AB70048BB16 /* Random.swift in Sources */ = {isa = PBXBuildFile; fileRef = 4CFB9DE020C04AA10048BB16 /* Random.swift */; };
		4CFB9DE520C04AB70048BB16 /* CNNEmotions.mlmodel in Sources */ = {isa = PBXBuildFile; fileRef = 4CFB9DE120C04AB70048BB16 /* CNNEmotions.mlmodel */; };
		6C6B52C2CE709F4D6636A61F /* Pods_Emoji_Detector.framework in Frameworks */ = {isa = PBXBuildFile; fileRef = 427086B33C7B4466A8A1E5F7 /* Pods_Emoji_Detector.framework */; };
		CEB513DC46B90D6C56C2484E /* Pods_Emoji_Detector_MessagesExtension.framework in Frameworks */ = {isa = PBXBuildFile; fileRef = 69CC473EB6709941AC054135 /* Pods_Emoji_Detector_MessagesExtension.framework */; };
/* End PBXBuildFile section */

/* Begin PBXContainerItemProxy section */
		4CFB9DC420C04A610048BB16 /* PBXContainerItemProxy */ = {
			isa = PBXContainerItemProxy;
			containerPortal = 4CFB9DB220C04A5F0048BB16 /* Project object */;
			proxyType = 1;
			remoteGlobalIDString = 4CFB9DC120C04A610048BB16;
			remoteInfo = "Emoji Detector MessagesExtension";
		};
/* End PBXContainerItemProxy section */

/* Begin PBXCopyFilesBuildPhase section */
		4CA75E6E20C073570026F573 /* CopyFiles */ = {
			isa = PBXCopyFilesBuildPhase;
			buildActionMask = 2147483647;
			dstPath = "";
			dstSubfolderSpec = 10;
			files = (
			);
			runOnlyForDeploymentPostprocessing = 0;
		};
		4CFB9DD720C04A620048BB16 /* Embed App Extensions */ = {
			isa = PBXCopyFilesBuildPhase;
			buildActionMask = 2147483647;
			dstPath = "";
			dstSubfolderSpec = 13;
			files = (
				4CFB9DC320C04A610048BB16 /* Emoji Detector MessagesExtension.appex in Embed App Extensions */,
			);
			name = "Embed App Extensions";
			runOnlyForDeploymentPostprocessing = 0;
		};
/* End PBXCopyFilesBuildPhase section */

/* Begin PBXFileReference section */
		29A435CE695FDDBFB69644CB /* Pods-Emoji Detector MessagesExtension.debug.xcconfig */ = {isa = PBXFileReference; includeInIndex = 1; lastKnownFileType = text.xcconfig; name = "Pods-Emoji Detector MessagesExtension.debug.xcconfig"; path = "Pods/Target Support Files/Pods-Emoji Detector MessagesExtension/Pods-Emoji Detector MessagesExtension.debug.xcconfig"; sourceTree = "<group>"; };
		427086B33C7B4466A8A1E5F7 /* Pods_Emoji_Detector.framework */ = {isa = PBXFileReference; explicitFileType = wrapper.framework; includeInIndex = 0; path = Pods_Emoji_Detector.framework; sourceTree = BUILT_PRODUCTS_DIR; };
		4C4FABA2212EF42400611AF2 /* GoogleService-Info.plist */ = {isa = PBXFileReference; fileEncoding = 4; lastKnownFileType = text.plist.xml; path = "GoogleService-Info.plist"; sourceTree = "<group>"; };
		4CFB9DB820C04A5F0048BB16 /* Emoji Detector.app */ = {isa = PBXFileReference; explicitFileType = wrapper.application; includeInIndex = 0; path = "Emoji Detector.app"; sourceTree = BUILT_PRODUCTS_DIR; };
		4CFB9DBB20C04A610048BB16 /* Assets.xcassets */ = {isa = PBXFileReference; lastKnownFileType = folder.assetcatalog; path = Assets.xcassets; sourceTree = "<group>"; };
		4CFB9DBD20C04A610048BB16 /* Info.plist */ = {isa = PBXFileReference; lastKnownFileType = text.plist.xml; path = Info.plist; sourceTree = "<group>"; };
		4CFB9DC220C04A610048BB16 /* Emoji Detector MessagesExtension.appex */ = {isa = PBXFileReference; explicitFileType = "wrapper.app-extension"; includeInIndex = 0; path = "Emoji Detector MessagesExtension.appex"; sourceTree = BUILT_PRODUCTS_DIR; };
		4CFB9DC720C04A610048BB16 /* Messages.framework */ = {isa = PBXFileReference; lastKnownFileType = wrapper.framework; name = Messages.framework; path = System/Library/Frameworks/Messages.framework; sourceTree = SDKROOT; };
		4CFB9DCF20C04A620048BB16 /* Assets.xcassets */ = {isa = PBXFileReference; lastKnownFileType = folder.assetcatalog; path = Assets.xcassets; sourceTree = "<group>"; };
		4CFB9DD120C04A620048BB16 /* Info.plist */ = {isa = PBXFileReference; lastKnownFileType = text.plist.xml; path = Info.plist; sourceTree = "<group>"; };
		4CFB9DDB20C04A810048BB16 /* MessagesViewController.swift */ = {isa = PBXFileReference; fileEncoding = 4; lastKnownFileType = sourcecode.swift; path = MessagesViewController.swift; sourceTree = "<group>"; };
		4CFB9DDE20C04AA00048BB16 /* Emotion.swift */ = {isa = PBXFileReference; fileEncoding = 4; lastKnownFileType = sourcecode.swift; path = Emotion.swift; sourceTree = "<group>"; };
		4CFB9DDF20C04AA10048BB16 /* Emojis.swift */ = {isa = PBXFileReference; fileEncoding = 4; lastKnownFileType = sourcecode.swift; path = Emojis.swift; sourceTree = "<group>"; };
		4CFB9DE020C04AA10048BB16 /* Random.swift */ = {isa = PBXFileReference; fileEncoding = 4; lastKnownFileType = sourcecode.swift; path = Random.swift; sourceTree = "<group>"; };
		4CFB9DE120C04AB70048BB16 /* CNNEmotions.mlmodel */ = {isa = PBXFileReference; lastKnownFileType = file.mlmodel; path = CNNEmotions.mlmodel; sourceTree = "<group>"; };
		55566D2086478A6C930E76BE /* Pods-Emoji Detector.release.xcconfig */ = {isa = PBXFileReference; includeInIndex = 1; lastKnownFileType = text.xcconfig; name = "Pods-Emoji Detector.release.xcconfig"; path = "Pods/Target Support Files/Pods-Emoji Detector/Pods-Emoji Detector.release.xcconfig"; sourceTree = "<group>"; };
		69CC473EB6709941AC054135 /* Pods_Emoji_Detector_MessagesExtension.framework */ = {isa = PBXFileReference; explicitFileType = wrapper.framework; includeInIndex = 0; path = Pods_Emoji_Detector_MessagesExtension.framework; sourceTree = BUILT_PRODUCTS_DIR; };
		B1DFCC89B7DBEF8ACE8DA580 /* Pods-Emoji Detector.debug.xcconfig */ = {isa = PBXFileReference; includeInIndex = 1; lastKnownFileType = text.xcconfig; name = "Pods-Emoji Detector.debug.xcconfig"; path = "Pods/Target Support Files/Pods-Emoji Detector/Pods-Emoji Detector.debug.xcconfig"; sourceTree = "<group>"; };
		B9DA62E9828902B26DFD2A9A /* Pods-Emoji Detector MessagesExtension.release.xcconfig */ = {isa = PBXFileReference; includeInIndex = 1; lastKnownFileType = text.xcconfig; name = "Pods-Emoji Detector MessagesExtension.release.xcconfig"; path = "Pods/Target Support Files/Pods-Emoji Detector MessagesExtension/Pods-Emoji Detector MessagesExtension.release.xcconfig"; sourceTree = "<group>"; };
/* End PBXFileReference section */

/* Begin PBXFrameworksBuildPhase section */
		4CFB9DBF20C04A610048BB16 /* Frameworks */ = {
			isa = PBXFrameworksBuildPhase;
			buildActionMask = 2147483647;
			files = (
				4CFB9DC820C04A610048BB16 /* Messages.framework in Frameworks */,
				CEB513DC46B90D6C56C2484E /* Pods_Emoji_Detector_MessagesExtension.framework in Frameworks */,
			);
			runOnlyForDeploymentPostprocessing = 0;
		};
		978A8A6F973E8AF8448E35F3 /* Frameworks */ = {
			isa = PBXFrameworksBuildPhase;
			buildActionMask = 2147483647;
			files = (
				6C6B52C2CE709F4D6636A61F /* Pods_Emoji_Detector.framework in Frameworks */,
			);
			runOnlyForDeploymentPostprocessing = 0;
		};
/* End PBXFrameworksBuildPhase section */

/* Begin PBXGroup section */
		3E08C45E7FF8DA7923DA5123 /* Pods */ = {
			isa = PBXGroup;
			children = (
				B1DFCC89B7DBEF8ACE8DA580 /* Pods-Emoji Detector.debug.xcconfig */,
				55566D2086478A6C930E76BE /* Pods-Emoji Detector.release.xcconfig */,
				29A435CE695FDDBFB69644CB /* Pods-Emoji Detector MessagesExtension.debug.xcconfig */,
				B9DA62E9828902B26DFD2A9A /* Pods-Emoji Detector MessagesExtension.release.xcconfig */,
			);
			name = Pods;
			sourceTree = "<group>";
		};
		4CFB9DB120C04A5F0048BB16 = {
			isa = PBXGroup;
			children = (
				4CFB9DBA20C04A5F0048BB16 /* Emoji Detector */,
				4CFB9DC920C04A610048BB16 /* Emoji Detector MessagesExtension */,
				4CFB9DDD20C04A8D0048BB16 /* Resources */,
				4CFB9DC620C04A610048BB16 /* Frameworks */,
				4CFB9DB920C04A5F0048BB16 /* Products */,
				3E08C45E7FF8DA7923DA5123 /* Pods */,
			);
			sourceTree = "<group>";
		};
		4CFB9DB920C04A5F0048BB16 /* Products */ = {
			isa = PBXGroup;
			children = (
				4CFB9DB820C04A5F0048BB16 /* Emoji Detector.app */,
				4CFB9DC220C04A610048BB16 /* Emoji Detector MessagesExtension.appex */,
			);
			name = Products;
			sourceTree = "<group>";
		};
		4CFB9DBA20C04A5F0048BB16 /* Emoji Detector */ = {
			isa = PBXGroup;
			children = (
				4CFB9DBB20C04A610048BB16 /* Assets.xcassets */,
				4C4FABA2212EF42400611AF2 /* GoogleService-Info.plist */,
				4CFB9DBD20C04A610048BB16 /* Info.plist */,
			);
			path = "Emoji Detector";
			sourceTree = "<group>";
		};
		4CFB9DC620C04A610048BB16 /* Frameworks */ = {
			isa = PBXGroup;
			children = (
				4CFB9DC720C04A610048BB16 /* Messages.framework */,
				427086B33C7B4466A8A1E5F7 /* Pods_Emoji_Detector.framework */,
				69CC473EB6709941AC054135 /* Pods_Emoji_Detector_MessagesExtension.framework */,
			);
			name = Frameworks;
			sourceTree = "<group>";
		};
		4CFB9DC920C04A610048BB16 /* Emoji Detector MessagesExtension */ = {
			isa = PBXGroup;
			children = (
				4CFB9DDB20C04A810048BB16 /* MessagesViewController.swift */,
				4CFB9DCF20C04A620048BB16 /* Assets.xcassets */,
				4CFB9DD120C04A620048BB16 /* Info.plist */,
			);
			path = "Emoji Detector MessagesExtension";
			sourceTree = "<group>";
		};
		4CFB9DDD20C04A8D0048BB16 /* Resources */ = {
			isa = PBXGroup;
			children = (
				4CFB9DE120C04AB70048BB16 /* CNNEmotions.mlmodel */,
				4CFB9DDF20C04AA10048BB16 /* Emojis.swift */,
				4CFB9DDE20C04AA00048BB16 /* Emotion.swift */,
				4CFB9DE020C04AA10048BB16 /* Random.swift */,
			);
			path = Resources;
			sourceTree = "<group>";
		};
/* End PBXGroup section */

/* Begin PBXNativeTarget section */
		4CFB9DB720C04A5F0048BB16 /* Emoji Detector */ = {
			isa = PBXNativeTarget;
			buildConfigurationList = 4CFB9DD820C04A620048BB16 /* Build configuration list for PBXNativeTarget "Emoji Detector" */;
			buildPhases = (
				0C9BD6BC24CB57B3F79F74D6 /* [CP] Check Pods Manifest.lock */,
				4CFB9DB620C04A5F0048BB16 /* Resources */,
				4CFB9DD720C04A620048BB16 /* Embed App Extensions */,
				4CA75E6E20C073570026F573 /* CopyFiles */,
				978A8A6F973E8AF8448E35F3 /* Frameworks */,
				60B7D06AB3F970D1EE70E06A /* [CP] Embed Pods Frameworks */,
				A19A0191D146C6A9F3085C1A /* [CP] Copy Pods Resources */,
			);
			buildRules = (
			);
			dependencies = (
				4CFB9DC520C04A610048BB16 /* PBXTargetDependency */,
			);
			name = "Emoji Detector";
			productName = "Emoji Detector";
			productReference = 4CFB9DB820C04A5F0048BB16 /* Emoji Detector.app */;
			productType = "com.apple.product-type.application.messages";
		};
		4CFB9DC120C04A610048BB16 /* Emoji Detector MessagesExtension */ = {
			isa = PBXNativeTarget;
			buildConfigurationList = 4CFB9DD420C04A620048BB16 /* Build configuration list for PBXNativeTarget "Emoji Detector MessagesExtension" */;
			buildPhases = (
				7E7B89022198F3DAF3579CEF /* [CP] Check Pods Manifest.lock */,
				4CFB9DBE20C04A610048BB16 /* Sources */,
				4CFB9DBF20C04A610048BB16 /* Frameworks */,
				4CFB9DC020C04A610048BB16 /* Resources */,
				1066BF7AE7B597C26391730D /* [CP] Copy Pods Resources */,
			);
			buildRules = (
			);
			dependencies = (
			);
			name = "Emoji Detector MessagesExtension";
			productName = "Emoji Detector MessagesExtension";
			productReference = 4CFB9DC220C04A610048BB16 /* Emoji Detector MessagesExtension.appex */;
			productType = "com.apple.product-type.app-extension.messages";
		};
/* End PBXNativeTarget section */

/* Begin PBXProject section */
		4CFB9DB220C04A5F0048BB16 /* Project object */ = {
			isa = PBXProject;
			attributes = {
				LastSwiftUpdateCheck = 0940;
				LastUpgradeCheck = 0940;
				ORGANIZATIONNAME = "Will Tyler";
				TargetAttributes = {
					4CFB9DB720C04A5F0048BB16 = {
						CreatedOnToolsVersion = 9.4;
					};
					4CFB9DC120C04A610048BB16 = {
						CreatedOnToolsVersion = 9.4;
						LastSwiftMigration = 0940;
					};
				};
			};
			buildConfigurationList = 4CFB9DB520C04A5F0048BB16 /* Build configuration list for PBXProject "Emoji Detector" */;
			compatibilityVersion = "Xcode 9.3";
			developmentRegion = en;
			hasScannedForEncodings = 0;
			knownRegions = (
				en,
				Base,
			);
			mainGroup = 4CFB9DB120C04A5F0048BB16;
			productRefGroup = 4CFB9DB920C04A5F0048BB16 /* Products */;
			projectDirPath = "";
			projectRoot = "";
			targets = (
				4CFB9DB720C04A5F0048BB16 /* Emoji Detector */,
				4CFB9DC120C04A610048BB16 /* Emoji Detector MessagesExtension */,
			);
		};
/* End PBXProject section */

/* Begin PBXResourcesBuildPhase section */
		4CFB9DB620C04A5F0048BB16 /* Resources */ = {
			isa = PBXResourcesBuildPhase;
			buildActionMask = 2147483647;
			files = (
				4CFB9DBC20C04A610048BB16 /* Assets.xcassets in Resources */,
				4C4FABA3212EF42400611AF2 /* GoogleService-Info.plist in Resources */,
			);
			runOnlyForDeploymentPostprocessing = 0;
		};
		4CFB9DC020C04A610048BB16 /* Resources */ = {
			isa = PBXResourcesBuildPhase;
			buildActionMask = 2147483647;
			files = (
				4CFB9DD020C04A620048BB16 /* Assets.xcassets in Resources */,
				4C4FABA4212EF42400611AF2 /* GoogleService-Info.plist in Resources */,
			);
			runOnlyForDeploymentPostprocessing = 0;
		};
/* End PBXResourcesBuildPhase section */

/* Begin PBXShellScriptBuildPhase section */
		0C9BD6BC24CB57B3F79F74D6 /* [CP] Check Pods Manifest.lock */ = {
			isa = PBXShellScriptBuildPhase;
			buildActionMask = 2147483647;
			files = (
			);
			inputPaths = (
				"${PODS_PODFILE_DIR_PATH}/Podfile.lock",
				"${PODS_ROOT}/Manifest.lock",
			);
			name = "[CP] Check Pods Manifest.lock";
			outputPaths = (
				"$(DERIVED_FILE_DIR)/Pods-Emoji Detector-checkManifestLockResult.txt",
			);
			runOnlyForDeploymentPostprocessing = 0;
			shellPath = /bin/sh;
			shellScript = "diff \"${PODS_PODFILE_DIR_PATH}/Podfile.lock\" \"${PODS_ROOT}/Manifest.lock\" > /dev/null\nif [ $? != 0 ] ; then\n    # print error to STDERR\n    echo \"error: The sandbox is not in sync with the Podfile.lock. Run 'pod install' or update your CocoaPods installation.\" >&2\n    exit 1\nfi\n# This output is used by Xcode 'outputs' to avoid re-running this script phase.\necho \"SUCCESS\" > \"${SCRIPT_OUTPUT_FILE_0}\"\n";
			showEnvVarsInLog = 0;
		};
		1066BF7AE7B597C26391730D /* [CP] Copy Pods Resources */ = {
			isa = PBXShellScriptBuildPhase;
			buildActionMask = 2147483647;
			files = (
			);
			inputPaths = (
				"${SRCROOT}/Pods/Target Support Files/Pods-Emoji Detector MessagesExtension/Pods-Emoji Detector MessagesExtension-resources.sh",
				"${PODS_CONFIGURATION_BUILD_DIR}/GoogleMobileVision/GoogleMVFaceDetectorResources.bundle",
			);
			name = "[CP] Copy Pods Resources";
			outputPaths = (
				"${TARGET_BUILD_DIR}/${UNLOCALIZED_RESOURCES_FOLDER_PATH}/GoogleMVFaceDetectorResources.bundle",
			);
			runOnlyForDeploymentPostprocessing = 0;
			shellPath = /bin/sh;
			shellScript = "\"${SRCROOT}/Pods/Target Support Files/Pods-Emoji Detector MessagesExtension/Pods-Emoji Detector MessagesExtension-resources.sh\"\n";
			showEnvVarsInLog = 0;
		};
		60B7D06AB3F970D1EE70E06A /* [CP] Embed Pods Frameworks */ = {
			isa = PBXShellScriptBuildPhase;
			buildActionMask = 2147483647;
			files = (
			);
			inputPaths = (
				"${SRCROOT}/Pods/Target Support Files/Pods-Emoji Detector/Pods-Emoji Detector-frameworks.sh",
				"${BUILT_PRODUCTS_DIR}/GoogleToolboxForMac-Defines-NSData+zlib/GoogleToolboxForMac.framework",
				"${BUILT_PRODUCTS_DIR}/nanopb/nanopb.framework",
				"${BUILT_PRODUCTS_DIR}/GoogleToolboxForMac-Defines-Logger-NSData+zlib/GoogleToolboxForMac.framework",
				"${BUILT_PRODUCTS_DIR}/GTMSessionFetcher/GTMSessionFetcher.framework",
				"${BUILT_PRODUCTS_DIR}/GoogleAPIClientForREST/GoogleAPIClientForREST.framework",
				"${BUILT_PRODUCTS_DIR}/Protobuf/Protobuf.framework",
			);
			name = "[CP] Embed Pods Frameworks";
			outputPaths = (
				"${TARGET_BUILD_DIR}/${FRAMEWORKS_FOLDER_PATH}/GoogleToolboxForMac.framework",
				"${TARGET_BUILD_DIR}/${FRAMEWORKS_FOLDER_PATH}/nanopb.framework",
				"${TARGET_BUILD_DIR}/${FRAMEWORKS_FOLDER_PATH}/GTMSessionFetcher.framework",
				"${TARGET_BUILD_DIR}/${FRAMEWORKS_FOLDER_PATH}/GoogleAPIClientForREST.framework",
				"${TARGET_BUILD_DIR}/${FRAMEWORKS_FOLDER_PATH}/Protobuf.framework",
			);
			runOnlyForDeploymentPostprocessing = 0;
			shellPath = /bin/sh;
			shellScript = "\"${SRCROOT}/Pods/Target Support Files/Pods-Emoji Detector/Pods-Emoji Detector-frameworks.sh\"\n";
			showEnvVarsInLog = 0;
		};
		7E7B89022198F3DAF3579CEF /* [CP] Check Pods Manifest.lock */ = {
			isa = PBXShellScriptBuildPhase;
			buildActionMask = 2147483647;
			files = (
			);
			inputPaths = (
				"${PODS_PODFILE_DIR_PATH}/Podfile.lock",
				"${PODS_ROOT}/Manifest.lock",
			);
			name = "[CP] Check Pods Manifest.lock";
			outputPaths = (
				"$(DERIVED_FILE_DIR)/Pods-Emoji Detector MessagesExtension-checkManifestLockResult.txt",
			);
			runOnlyForDeploymentPostprocessing = 0;
			shellPath = /bin/sh;
			shellScript = "diff \"${PODS_PODFILE_DIR_PATH}/Podfile.lock\" \"${PODS_ROOT}/Manifest.lock\" > /dev/null\nif [ $? != 0 ] ; then\n    # print error to STDERR\n    echo \"error: The sandbox is not in sync with the Podfile.lock. Run 'pod install' or update your CocoaPods installation.\" >&2\n    exit 1\nfi\n# This output is used by Xcode 'outputs' to avoid re-running this script phase.\necho \"SUCCESS\" > \"${SCRIPT_OUTPUT_FILE_0}\"\n";
			showEnvVarsInLog = 0;
		};
		A19A0191D146C6A9F3085C1A /* [CP] Copy Pods Resources */ = {
			isa = PBXShellScriptBuildPhase;
			buildActionMask = 2147483647;
			files = (
			);
			inputPaths = (
				"${SRCROOT}/Pods/Target Support Files/Pods-Emoji Detector/Pods-Emoji Detector-resources.sh",
				"${PODS_CONFIGURATION_BUILD_DIR}/GoogleMobileVision/GoogleMVFaceDetectorResources.bundle",
			);
			name = "[CP] Copy Pods Resources";
			outputPaths = (
				"${TARGET_BUILD_DIR}/${UNLOCALIZED_RESOURCES_FOLDER_PATH}/GoogleMVFaceDetectorResources.bundle",
			);
			runOnlyForDeploymentPostprocessing = 0;
			shellPath = /bin/sh;
			shellScript = "\"${SRCROOT}/Pods/Target Support Files/Pods-Emoji Detector/Pods-Emoji Detector-resources.sh\"\n";
			showEnvVarsInLog = 0;
		};
/* End PBXShellScriptBuildPhase section */

/* Begin PBXSourcesBuildPhase section */
		4CFB9DBE20C04A610048BB16 /* Sources */ = {
			isa = PBXSourcesBuildPhase;
			buildActionMask = 2147483647;
			files = (
				4CFB9DE420C04AB70048BB16 /* Random.swift in Sources */,
				4CFB9DE520C04AB70048BB16 /* CNNEmotions.mlmodel in Sources */,
				4CFB9DE320C04AB70048BB16 /* Emojis.swift in Sources */,
				4CFB9DDC20C04A810048BB16 /* MessagesViewController.swift in Sources */,
				4CFB9DE220C04AB70048BB16 /* Emotion.swift in Sources */,
			);
			runOnlyForDeploymentPostprocessing = 0;
		};
/* End PBXSourcesBuildPhase section */

/* Begin PBXTargetDependency section */
		4CFB9DC520C04A610048BB16 /* PBXTargetDependency */ = {
			isa = PBXTargetDependency;
			target = 4CFB9DC120C04A610048BB16 /* Emoji Detector MessagesExtension */;
			targetProxy = 4CFB9DC420C04A610048BB16 /* PBXContainerItemProxy */;
		};
/* End PBXTargetDependency section */

/* Begin XCBuildConfiguration section */
		4CFB9DD220C04A620048BB16 /* Debug */ = {
			isa = XCBuildConfiguration;
			buildSettings = {
				ALWAYS_SEARCH_USER_PATHS = NO;
				CLANG_ANALYZER_NONNULL = YES;
				CLANG_ANALYZER_NUMBER_OBJECT_CONVERSION = YES_AGGRESSIVE;
				CLANG_CXX_LANGUAGE_STANDARD = "gnu++14";
				CLANG_CXX_LIBRARY = "libc++";
				CLANG_ENABLE_MODULES = YES;
				CLANG_ENABLE_OBJC_ARC = YES;
				CLANG_ENABLE_OBJC_WEAK = YES;
				CLANG_WARN_BLOCK_CAPTURE_AUTORELEASING = YES;
				CLANG_WARN_BOOL_CONVERSION = YES;
				CLANG_WARN_COMMA = YES;
				CLANG_WARN_CONSTANT_CONVERSION = YES;
				CLANG_WARN_DEPRECATED_OBJC_IMPLEMENTATIONS = YES;
				CLANG_WARN_DIRECT_OBJC_ISA_USAGE = YES_ERROR;
				CLANG_WARN_DOCUMENTATION_COMMENTS = YES;
				CLANG_WARN_EMPTY_BODY = YES;
				CLANG_WARN_ENUM_CONVERSION = YES;
				CLANG_WARN_INFINITE_RECURSION = YES;
				CLANG_WARN_INT_CONVERSION = YES;
				CLANG_WARN_NON_LITERAL_NULL_CONVERSION = YES;
				CLANG_WARN_OBJC_IMPLICIT_RETAIN_SELF = YES;
				CLANG_WARN_OBJC_LITERAL_CONVERSION = YES;
				CLANG_WARN_OBJC_ROOT_CLASS = YES_ERROR;
				CLANG_WARN_RANGE_LOOP_ANALYSIS = YES;
				CLANG_WARN_STRICT_PROTOTYPES = YES;
				CLANG_WARN_SUSPICIOUS_MOVE = YES;
				CLANG_WARN_UNGUARDED_AVAILABILITY = YES_AGGRESSIVE;
				CLANG_WARN_UNREACHABLE_CODE = YES;
				CLANG_WARN__DUPLICATE_METHOD_MATCH = YES;
				CODE_SIGN_IDENTITY = "iPhone Developer";
				COPY_PHASE_STRIP = NO;
				DEBUG_INFORMATION_FORMAT = dwarf;
				ENABLE_BITCODE = NO;
				ENABLE_STRICT_OBJC_MSGSEND = YES;
				ENABLE_TESTABILITY = YES;
				GCC_C_LANGUAGE_STANDARD = gnu11;
				GCC_DYNAMIC_NO_PIC = NO;
				GCC_NO_COMMON_BLOCKS = YES;
				GCC_OPTIMIZATION_LEVEL = 0;
				GCC_PREPROCESSOR_DEFINITIONS = (
					"DEBUG=1",
					"$(inherited)",
				);
				GCC_WARN_64_TO_32_BIT_CONVERSION = YES;
				GCC_WARN_ABOUT_RETURN_TYPE = YES_ERROR;
				GCC_WARN_UNDECLARED_SELECTOR = YES;
				GCC_WARN_UNINITIALIZED_AUTOS = YES_AGGRESSIVE;
				GCC_WARN_UNUSED_FUNCTION = YES;
				GCC_WARN_UNUSED_VARIABLE = YES;
				IPHONEOS_DEPLOYMENT_TARGET = 11.0;
				MTL_ENABLE_DEBUG_INFO = YES;
				ONLY_ACTIVE_ARCH = YES;
				SDKROOT = iphoneos;
				SWIFT_ACTIVE_COMPILATION_CONDITIONS = DEBUG;
				SWIFT_OPTIMIZATION_LEVEL = "-Onone";
			};
			name = Debug;
		};
		4CFB9DD320C04A620048BB16 /* Release */ = {
			isa = XCBuildConfiguration;
			buildSettings = {
				ALWAYS_SEARCH_USER_PATHS = NO;
				CLANG_ANALYZER_NONNULL = YES;
				CLANG_ANALYZER_NUMBER_OBJECT_CONVERSION = YES_AGGRESSIVE;
				CLANG_CXX_LANGUAGE_STANDARD = "gnu++14";
				CLANG_CXX_LIBRARY = "libc++";
				CLANG_ENABLE_MODULES = YES;
				CLANG_ENABLE_OBJC_ARC = YES;
				CLANG_ENABLE_OBJC_WEAK = YES;
				CLANG_WARN_BLOCK_CAPTURE_AUTORELEASING = YES;
				CLANG_WARN_BOOL_CONVERSION = YES;
				CLANG_WARN_COMMA = YES;
				CLANG_WARN_CONSTANT_CONVERSION = YES;
				CLANG_WARN_DEPRECATED_OBJC_IMPLEMENTATIONS = YES;
				CLANG_WARN_DIRECT_OBJC_ISA_USAGE = YES_ERROR;
				CLANG_WARN_DOCUMENTATION_COMMENTS = YES;
				CLANG_WARN_EMPTY_BODY = YES;
				CLANG_WARN_ENUM_CONVERSION = YES;
				CLANG_WARN_INFINITE_RECURSION = YES;
				CLANG_WARN_INT_CONVERSION = YES;
				CLANG_WARN_NON_LITERAL_NULL_CONVERSION = YES;
				CLANG_WARN_OBJC_IMPLICIT_RETAIN_SELF = YES;
				CLANG_WARN_OBJC_LITERAL_CONVERSION = YES;
				CLANG_WARN_OBJC_ROOT_CLASS = YES_ERROR;
				CLANG_WARN_RANGE_LOOP_ANALYSIS = YES;
				CLANG_WARN_STRICT_PROTOTYPES = YES;
				CLANG_WARN_SUSPICIOUS_MOVE = YES;
				CLANG_WARN_UNGUARDED_AVAILABILITY = YES_AGGRESSIVE;
				CLANG_WARN_UNREACHABLE_CODE = YES;
				CLANG_WARN__DUPLICATE_METHOD_MATCH = YES;
				CODE_SIGN_IDENTITY = "iPhone Developer";
				COPY_PHASE_STRIP = NO;
				DEBUG_INFORMATION_FORMAT = "dwarf-with-dsym";
				ENABLE_BITCODE = NO;
				ENABLE_NS_ASSERTIONS = NO;
				ENABLE_STRICT_OBJC_MSGSEND = YES;
				GCC_C_LANGUAGE_STANDARD = gnu11;
				GCC_NO_COMMON_BLOCKS = YES;
				GCC_WARN_64_TO_32_BIT_CONVERSION = YES;
				GCC_WARN_ABOUT_RETURN_TYPE = YES_ERROR;
				GCC_WARN_UNDECLARED_SELECTOR = YES;
				GCC_WARN_UNINITIALIZED_AUTOS = YES_AGGRESSIVE;
				GCC_WARN_UNUSED_FUNCTION = YES;
				GCC_WARN_UNUSED_VARIABLE = YES;
				IPHONEOS_DEPLOYMENT_TARGET = 11.0;
				MTL_ENABLE_DEBUG_INFO = NO;
				SDKROOT = iphoneos;
				SWIFT_COMPILATION_MODE = wholemodule;
				SWIFT_OPTIMIZATION_LEVEL = "-O";
				VALIDATE_PRODUCT = YES;
			};
			name = Release;
		};
		4CFB9DD520C04A620048BB16 /* Debug */ = {
			isa = XCBuildConfiguration;
			baseConfigurationReference = 29A435CE695FDDBFB69644CB /* Pods-Emoji Detector MessagesExtension.debug.xcconfig */;
			buildSettings = {
				ASSETCATALOG_COMPILER_APPICON_NAME = "iMessage App Icon";
				CLANG_ENABLE_MODULES = YES;
				CODE_SIGN_STYLE = Automatic;
				DEVELOPMENT_TEAM = 83A9Z5EMT8;
				FRAMEWORK_SEARCH_PATHS = (
					"$(inherited)",
					"$(PROJECT_DIR)",
				);
				INFOPLIST_FILE = "Emoji Detector MessagesExtension/Info.plist";
				LD_RUNPATH_SEARCH_PATHS = (
					"$(inherited)",
					"@executable_path/Frameworks",
					"@executable_path/../../Frameworks",
				);
				PRODUCT_BUNDLE_IDENTIFIER = "willtyler.Emoji-Detector.MessagesExtension";
				PRODUCT_NAME = "$(TARGET_NAME)";
				SKIP_INSTALL = YES;
				SWIFT_OPTIMIZATION_LEVEL = "-Onone";
				SWIFT_VERSION = 4.0;
				TARGETED_DEVICE_FAMILY = "1,2";
			};
			name = Debug;
		};
		4CFB9DD620C04A620048BB16 /* Release */ = {
			isa = XCBuildConfiguration;
			baseConfigurationReference = B9DA62E9828902B26DFD2A9A /* Pods-Emoji Detector MessagesExtension.release.xcconfig */;
			buildSettings = {
				ASSETCATALOG_COMPILER_APPICON_NAME = "iMessage App Icon";
				CLANG_ENABLE_MODULES = YES;
				CODE_SIGN_STYLE = Automatic;
				DEVELOPMENT_TEAM = 83A9Z5EMT8;
				FRAMEWORK_SEARCH_PATHS = (
					"$(inherited)",
					"$(PROJECT_DIR)",
				);
				INFOPLIST_FILE = "Emoji Detector MessagesExtension/Info.plist";
				LD_RUNPATH_SEARCH_PATHS = (
					"$(inherited)",
					"@executable_path/Frameworks",
					"@executable_path/../../Frameworks",
				);
				PRODUCT_BUNDLE_IDENTIFIER = "willtyler.Emoji-Detector.MessagesExtension";
				PRODUCT_NAME = "$(TARGET_NAME)";
				SKIP_INSTALL = YES;
				SWIFT_VERSION = 4.0;
				TARGETED_DEVICE_FAMILY = "1,2";
			};
			name = Release;
		};
		4CFB9DD920C04A620048BB16 /* Debug */ = {
			isa = XCBuildConfiguration;
			baseConfigurationReference = B1DFCC89B7DBEF8ACE8DA580 /* Pods-Emoji Detector.debug.xcconfig */;
			buildSettings = {
				ALWAYS_EMBED_SWIFT_STANDARD_LIBRARIES = YES;
				ASSETCATALOG_COMPILER_APPICON_NAME = AppIcon;
				CODE_SIGN_STYLE = Automatic;
				DEVELOPMENT_TEAM = 83A9Z5EMT8;
				INFOPLIST_FILE = "Emoji Detector/Info.plist";
				PRODUCT_BUNDLE_IDENTIFIER = "willtyler.Emoji-Detector";
				PRODUCT_NAME = "$(TARGET_NAME)";
				SWIFT_VERSION = 4.0;
				TARGETED_DEVICE_FAMILY = "1,2";
			};
			name = Debug;
		};
		4CFB9DDA20C04A620048BB16 /* Release */ = {
			isa = XCBuildConfiguration;
			baseConfigurationReference = 55566D2086478A6C930E76BE /* Pods-Emoji Detector.release.xcconfig */;
			buildSettings = {
				ALWAYS_EMBED_SWIFT_STANDARD_LIBRARIES = YES;
				ASSETCATALOG_COMPILER_APPICON_NAME = AppIcon;
				CODE_SIGN_STYLE = Automatic;
				DEVELOPMENT_TEAM = 83A9Z5EMT8;
				INFOPLIST_FILE = "Emoji Detector/Info.plist";
				PRODUCT_BUNDLE_IDENTIFIER = "willtyler.Emoji-Detector";
				PRODUCT_NAME = "$(TARGET_NAME)";
				SWIFT_VERSION = 4.0;
				TARGETED_DEVICE_FAMILY = "1,2";
			};
			name = Release;
		};
/* End XCBuildConfiguration section */

/* Begin XCConfigurationList section */
		4CFB9DB520C04A5F0048BB16 /* Build configuration list for PBXProject "Emoji Detector" */ = {
			isa = XCConfigurationList;
			buildConfigurations = (
				4CFB9DD220C04A620048BB16 /* Debug */,
				4CFB9DD320C04A620048BB16 /* Release */,
			);
			defaultConfigurationIsVisible = 0;
			defaultConfigurationName = Release;
		};
		4CFB9DD420C04A620048BB16 /* Build configuration list for PBXNativeTarget "Emoji Detector MessagesExtension" */ = {
			isa = XCConfigurationList;
			buildConfigurations = (
				4CFB9DD520C04A620048BB16 /* Debug */,
				4CFB9DD620C04A620048BB16 /* Release */,
			);
			defaultConfigurationIsVisible = 0;
			defaultConfigurationName = Release;
		};
		4CFB9DD820C04A620048BB16 /* Build configuration list for PBXNativeTarget "Emoji Detector" */ = {
			isa = XCConfigurationList;
			buildConfigurations = (
				4CFB9DD920C04A620048BB16 /* Debug */,
				4CFB9DDA20C04A620048BB16 /* Release */,
			);
			defaultConfigurationIsVisible = 0;
			defaultConfigurationName = Release;
		};
/* End XCConfigurationList section */
	};
	rootObject = 4CFB9DB220C04A5F0048BB16 /* Project object */;
}
